// !$*UTF8*$!
{
	archiveVersion = 1;
	classes = {
	};
	objectVersion = 50;
	objects = {

/* Begin PBXBuildFile section */
		197A13D924B12C14007144E0 /* EventViewController.swift in Sources */ = {isa = PBXBuildFile; fileRef = 197A13D824B12C14007144E0 /* EventViewController.swift */; };
		197A13DB24B13E18007144E0 /* CategoryViewController.swift in Sources */ = {isa = PBXBuildFile; fileRef = 197A13DA24B13E18007144E0 /* CategoryViewController.swift */; };
		197A13DD24B13EDA007144E0 /* CategoryCollectionViewCell.swift in Sources */ = {isa = PBXBuildFile; fileRef = 197A13DC24B13EDA007144E0 /* CategoryCollectionViewCell.swift */; };
		8435071924AE6F12002E0823 /* AppDelegate.swift in Sources */ = {isa = PBXBuildFile; fileRef = 8435071824AE6F12002E0823 /* AppDelegate.swift */; };
		8435071B24AE6F12002E0823 /* SceneDelegate.swift in Sources */ = {isa = PBXBuildFile; fileRef = 8435071A24AE6F12002E0823 /* SceneDelegate.swift */; };
		8435071D24AE6F12002E0823 /* ViewController.swift in Sources */ = {isa = PBXBuildFile; fileRef = 8435071C24AE6F12002E0823 /* ViewController.swift */; };
		8435072024AE6F12002E0823 /* Main.storyboard in Resources */ = {isa = PBXBuildFile; fileRef = 8435071E24AE6F12002E0823 /* Main.storyboard */; };
		8435072224AE6F15002E0823 /* Assets.xcassets in Resources */ = {isa = PBXBuildFile; fileRef = 8435072124AE6F15002E0823 /* Assets.xcassets */; };
		8435072524AE6F15002E0823 /* LaunchScreen.storyboard in Resources */ = {isa = PBXBuildFile; fileRef = 8435072324AE6F15002E0823 /* LaunchScreen.storyboard */; };
		8435072F24AE6F35002E0823 /* TableViewCell.swift in Sources */ = {isa = PBXBuildFile; fileRef = 8435072D24AE6F35002E0823 /* TableViewCell.swift */; };
		8435073024AE6F35002E0823 /* TableViewCell.xib in Resources */ = {isa = PBXBuildFile; fileRef = 8435072E24AE6F35002E0823 /* TableViewCell.xib */; };
		8435073324AE82EF002E0823 /* EventModel.swift in Sources */ = {isa = PBXBuildFile; fileRef = 8435073224AE82EF002E0823 /* EventModel.swift */; };
/* End PBXBuildFile section */

/* Begin PBXFileReference section */
		197A13D824B12C14007144E0 /* EventViewController.swift */ = {isa = PBXFileReference; lastKnownFileType = sourcecode.swift; path = EventViewController.swift; sourceTree = "<group>"; };
		197A13DA24B13E18007144E0 /* CategoryViewController.swift */ = {isa = PBXFileReference; lastKnownFileType = sourcecode.swift; path = CategoryViewController.swift; sourceTree = "<group>"; };
		197A13DC24B13EDA007144E0 /* CategoryCollectionViewCell.swift */ = {isa = PBXFileReference; lastKnownFileType = sourcecode.swift; path = CategoryCollectionViewCell.swift; sourceTree = "<group>"; };
		8435071524AE6F12002E0823 /* EventApp.app */ = {isa = PBXFileReference; explicitFileType = wrapper.application; includeInIndex = 0; path = EventApp.app; sourceTree = BUILT_PRODUCTS_DIR; };
		8435071824AE6F12002E0823 /* AppDelegate.swift */ = {isa = PBXFileReference; lastKnownFileType = sourcecode.swift; path = AppDelegate.swift; sourceTree = "<group>"; };
		8435071A24AE6F12002E0823 /* SceneDelegate.swift */ = {isa = PBXFileReference; lastKnownFileType = sourcecode.swift; path = SceneDelegate.swift; sourceTree = "<group>"; };
		8435071C24AE6F12002E0823 /* ViewController.swift */ = {isa = PBXFileReference; lastKnownFileType = sourcecode.swift; path = ViewController.swift; sourceTree = "<group>"; };
		8435071F24AE6F12002E0823 /* Base */ = {isa = PBXFileReference; lastKnownFileType = file.storyboard; name = Base; path = Base.lproj/Main.storyboard; sourceTree = "<group>"; };
		8435072124AE6F15002E0823 /* Assets.xcassets */ = {isa = PBXFileReference; lastKnownFileType = folder.assetcatalog; path = Assets.xcassets; sourceTree = "<group>"; };
		8435072424AE6F15002E0823 /* Base */ = {isa = PBXFileReference; lastKnownFileType = file.storyboard; name = Base; path = Base.lproj/LaunchScreen.storyboard; sourceTree = "<group>"; };
		8435072624AE6F15002E0823 /* Info.plist */ = {isa = PBXFileReference; lastKnownFileType = text.plist.xml; path = Info.plist; sourceTree = "<group>"; };
		8435072D24AE6F35002E0823 /* TableViewCell.swift */ = {isa = PBXFileReference; lastKnownFileType = sourcecode.swift; path = TableViewCell.swift; sourceTree = "<group>"; };
		8435072E24AE6F35002E0823 /* TableViewCell.xib */ = {isa = PBXFileReference; lastKnownFileType = file.xib; path = TableViewCell.xib; sourceTree = "<group>"; };
		8435073224AE82EF002E0823 /* EventModel.swift */ = {isa = PBXFileReference; lastKnownFileType = sourcecode.swift; path = EventModel.swift; sourceTree = "<group>"; };
		8435073424AF8B2E002E0823 /* EventApp.entitlements */ = {isa = PBXFileReference; lastKnownFileType = text.plist.entitlements; path = EventApp.entitlements; sourceTree = "<group>"; };
/* End PBXFileReference section */

/* Begin PBXFrameworksBuildPhase section */
		8435071224AE6F12002E0823 /* Frameworks */ = {
			isa = PBXFrameworksBuildPhase;
			buildActionMask = 2147483647;
			files = (
			);
			runOnlyForDeploymentPostprocessing = 0;
		};
/* End PBXFrameworksBuildPhase section */

/* Begin PBXGroup section */
		8435070C24AE6F12002E0823 = {
			isa = PBXGroup;
			children = (
				8435071724AE6F12002E0823 /* EventApp */,
				8435071624AE6F12002E0823 /* Products */,
			);
			sourceTree = "<group>";
		};
		8435071624AE6F12002E0823 /* Products */ = {
			isa = PBXGroup;
			children = (
				8435071524AE6F12002E0823 /* EventApp.app */,
			);
			name = Products;
			sourceTree = "<group>";
		};
		8435071724AE6F12002E0823 /* EventApp */ = {
			isa = PBXGroup;
			children = (
				8435073424AF8B2E002E0823 /* EventApp.entitlements */,
				8435073124AE81F8002E0823 /* Model */,
				8435072C24AE6F1D002E0823 /* Cells */,
				8435071824AE6F12002E0823 /* AppDelegate.swift */,
				8435071A24AE6F12002E0823 /* SceneDelegate.swift */,
				8435071C24AE6F12002E0823 /* ViewController.swift */,
				8435071E24AE6F12002E0823 /* Main.storyboard */,
				8435072124AE6F15002E0823 /* Assets.xcassets */,
				8435072324AE6F15002E0823 /* LaunchScreen.storyboard */,
				8435072624AE6F15002E0823 /* Info.plist */,
				197A13D824B12C14007144E0 /* EventViewController.swift */,
				197A13DA24B13E18007144E0 /* CategoryViewController.swift */,
			);
			path = EventApp;
			sourceTree = "<group>";
		};
		8435072C24AE6F1D002E0823 /* Cells */ = {
			isa = PBXGroup;
			children = (
				8435072D24AE6F35002E0823 /* TableViewCell.swift */,
				8435072E24AE6F35002E0823 /* TableViewCell.xib */,
				197A13DC24B13EDA007144E0 /* CategoryCollectionViewCell.swift */,
			);
			path = Cells;
			sourceTree = "<group>";
		};
		8435073124AE81F8002E0823 /* Model */ = {
			isa = PBXGroup;
			children = (
				8435073224AE82EF002E0823 /* EventModel.swift */,
			);
			path = Model;
			sourceTree = "<group>";
		};
/* End PBXGroup section */

/* Begin PBXNativeTarget section */
		8435071424AE6F12002E0823 /* EventApp */ = {
			isa = PBXNativeTarget;
			buildConfigurationList = 8435072924AE6F15002E0823 /* Build configuration list for PBXNativeTarget "EventApp" */;
			buildPhases = (
				8435071124AE6F12002E0823 /* Sources */,
				8435071224AE6F12002E0823 /* Frameworks */,
				8435071324AE6F12002E0823 /* Resources */,
			);
			buildRules = (
			);
			dependencies = (
			);
			name = EventApp;
			productName = EventApp;
			productReference = 8435071524AE6F12002E0823 /* EventApp.app */;
			productType = "com.apple.product-type.application";
		};
/* End PBXNativeTarget section */

/* Begin PBXProject section */
		8435070D24AE6F12002E0823 /* Project object */ = {
			isa = PBXProject;
			attributes = {
				LastSwiftUpdateCheck = 1150;
				LastUpgradeCheck = 1150;
				ORGANIZATIONNAME = ItWorksinUA;
				TargetAttributes = {
					8435071424AE6F12002E0823 = {
						CreatedOnToolsVersion = 11.5;
					};
				};
			};
			buildConfigurationList = 8435071024AE6F12002E0823 /* Build configuration list for PBXProject "EventApp" */;
			compatibilityVersion = "Xcode 9.3";
			developmentRegion = en;
			hasScannedForEncodings = 0;
			knownRegions = (
				en,
				Base,
			);
			mainGroup = 8435070C24AE6F12002E0823;
			productRefGroup = 8435071624AE6F12002E0823 /* Products */;
			projectDirPath = "";
			projectRoot = "";
			targets = (
				8435071424AE6F12002E0823 /* EventApp */,
			);
		};
/* End PBXProject section */

/* Begin PBXResourcesBuildPhase section */
		8435071324AE6F12002E0823 /* Resources */ = {
			isa = PBXResourcesBuildPhase;
			buildActionMask = 2147483647;
			files = (
				8435072524AE6F15002E0823 /* LaunchScreen.storyboard in Resources */,
				8435073024AE6F35002E0823 /* TableViewCell.xib in Resources */,
				8435072224AE6F15002E0823 /* Assets.xcassets in Resources */,
				8435072024AE6F12002E0823 /* Main.storyboard in Resources */,
			);
			runOnlyForDeploymentPostprocessing = 0;
		};
/* End PBXResourcesBuildPhase section */

/* Begin PBXSourcesBuildPhase section */
		8435071124AE6F12002E0823 /* Sources */ = {
			isa = PBXSourcesBuildPhase;
			buildActionMask = 2147483647;
			files = (
				197A13DD24B13EDA007144E0 /* CategoryCollectionViewCell.swift in Sources */,
				8435071D24AE6F12002E0823 /* ViewController.swift in Sources */,
				8435072F24AE6F35002E0823 /* TableViewCell.swift in Sources */,
				197A13DB24B13E18007144E0 /* CategoryViewController.swift in Sources */,
				8435071924AE6F12002E0823 /* AppDelegate.swift in Sources */,
				8435073324AE82EF002E0823 /* EventModel.swift in Sources */,
				8435071B24AE6F12002E0823 /* SceneDelegate.swift in Sources */,
				197A13D924B12C14007144E0 /* EventViewController.swift in Sources */,
			);
			runOnlyForDeploymentPostprocessing = 0;
		};
/* End PBXSourcesBuildPhase section */

/* Begin PBXVariantGroup section */
		8435071E24AE6F12002E0823 /* Main.storyboard */ = {
			isa = PBXVariantGroup;
			children = (
				8435071F24AE6F12002E0823 /* Base */,
			);
			name = Main.storyboard;
			sourceTree = "<group>";
		};
		8435072324AE6F15002E0823 /* LaunchScreen.storyboard */ = {
			isa = PBXVariantGroup;
			children = (
				8435072424AE6F15002E0823 /* Base */,
			);
			name = LaunchScreen.storyboard;
			sourceTree = "<group>";
		};
/* End PBXVariantGroup section */

/* Begin XCBuildConfiguration section */
		8435072724AE6F15002E0823 /* Debug */ = {
			isa = XCBuildConfiguration;
			buildSettings = {
				ALWAYS_SEARCH_USER_PATHS = NO;
				CLANG_ANALYZER_NONNULL = YES;
				CLANG_ANALYZER_NUMBER_OBJECT_CONVERSION = YES_AGGRESSIVE;
				CLANG_CXX_LANGUAGE_STANDARD = "gnu++14";
				CLANG_CXX_LIBRARY = "libc++";
				CLANG_ENABLE_MODULES = YES;
				CLANG_ENABLE_OBJC_ARC = YES;
				CLANG_ENABLE_OBJC_WEAK = YES;
				CLANG_WARN_BLOCK_CAPTURE_AUTORELEASING = YES;
				CLANG_WARN_BOOL_CONVERSION = YES;
				CLANG_WARN_COMMA = YES;
				CLANG_WARN_CONSTANT_CONVERSION = YES;
				CLANG_WARN_DEPRECATED_OBJC_IMPLEMENTATIONS = YES;
				CLANG_WARN_DIRECT_OBJC_ISA_USAGE = YES_ERROR;
				CLANG_WARN_DOCUMENTATION_COMMENTS = YES;
				CLANG_WARN_EMPTY_BODY = YES;
				CLANG_WARN_ENUM_CONVERSION = YES;
				CLANG_WARN_INFINITE_RECURSION = YES;
				CLANG_WARN_INT_CONVERSION = YES;
				CLANG_WARN_NON_LITERAL_NULL_CONVERSION = YES;
				CLANG_WARN_OBJC_IMPLICIT_RETAIN_SELF = YES;
				CLANG_WARN_OBJC_LITERAL_CONVERSION = YES;
				CLANG_WARN_OBJC_ROOT_CLASS = YES_ERROR;
				CLANG_WARN_RANGE_LOOP_ANALYSIS = YES;
				CLANG_WARN_STRICT_PROTOTYPES = YES;
				CLANG_WARN_SUSPICIOUS_MOVE = YES;
				CLANG_WARN_UNGUARDED_AVAILABILITY = YES_AGGRESSIVE;
				CLANG_WARN_UNREACHABLE_CODE = YES;
				CLANG_WARN__DUPLICATE_METHOD_MATCH = YES;
				COPY_PHASE_STRIP = NO;
				DEBUG_INFORMATION_FORMAT = dwarf;
				ENABLE_STRICT_OBJC_MSGSEND = YES;
				ENABLE_TESTABILITY = YES;
				GCC_C_LANGUAGE_STANDARD = gnu11;
				GCC_DYNAMIC_NO_PIC = NO;
				GCC_NO_COMMON_BLOCKS = YES;
				GCC_OPTIMIZATION_LEVEL = 0;
				GCC_PREPROCESSOR_DEFINITIONS = (
					"DEBUG=1",
					"$(inherited)",
				);
				GCC_WARN_64_TO_32_BIT_CONVERSION = YES;
				GCC_WARN_ABOUT_RETURN_TYPE = YES_ERROR;
				GCC_WARN_UNDECLARED_SELECTOR = YES;
				GCC_WARN_UNINITIALIZED_AUTOS = YES_AGGRESSIVE;
				GCC_WARN_UNUSED_FUNCTION = YES;
				GCC_WARN_UNUSED_VARIABLE = YES;
				IPHONEOS_DEPLOYMENT_TARGET = 13.5;
				MTL_ENABLE_DEBUG_INFO = INCLUDE_SOURCE;
				MTL_FAST_MATH = YES;
				ONLY_ACTIVE_ARCH = YES;
				SDKROOT = iphoneos;
				SWIFT_ACTIVE_COMPILATION_CONDITIONS = DEBUG;
				SWIFT_OPTIMIZATION_LEVEL = "-Onone";
			};
			name = Debug;
		};
		8435072824AE6F15002E0823 /* Release */ = {
			isa = XCBuildConfiguration;
			buildSettings = {
				ALWAYS_SEARCH_USER_PATHS = NO;
				CLANG_ANALYZER_NONNULL = YES;
				CLANG_ANALYZER_NUMBER_OBJECT_CONVERSION = YES_AGGRESSIVE;
				CLANG_CXX_LANGUAGE_STANDARD = "gnu++14";
				CLANG_CXX_LIBRARY = "libc++";
				CLANG_ENABLE_MODULES = YES;
				CLANG_ENABLE_OBJC_ARC = YES;
				CLANG_ENABLE_OBJC_WEAK = YES;
				CLANG_WARN_BLOCK_CAPTURE_AUTORELEASING = YES;
				CLANG_WARN_BOOL_CONVERSION = YES;
				CLANG_WARN_COMMA = YES;
				CLANG_WARN_CONSTANT_CONVERSION = YES;
				CLANG_WARN_DEPRECATED_OBJC_IMPLEMENTATIONS = YES;
				CLANG_WARN_DIRECT_OBJC_ISA_USAGE = YES_ERROR;
				CLANG_WARN_DOCUMENTATION_COMMENTS = YES;
				CLANG_WARN_EMPTY_BODY = YES;
				CLANG_WARN_ENUM_CONVERSION = YES;
				CLANG_WARN_INFINITE_RECURSION = YES;
				CLANG_WARN_INT_CONVERSION = YES;
				CLANG_WARN_NON_LITERAL_NULL_CONVERSION = YES;
				CLANG_WARN_OBJC_IMPLICIT_RETAIN_SELF = YES;
				CLANG_WARN_OBJC_LITERAL_CONVERSION = YES;
				CLANG_WARN_OBJC_ROOT_CLASS = YES_ERROR;
				CLANG_WARN_RANGE_LOOP_ANALYSIS = YES;
				CLANG_WARN_STRICT_PROTOTYPES = YES;
				CLANG_WARN_SUSPICIOUS_MOVE = YES;
				CLANG_WARN_UNGUARDED_AVAILABILITY = YES_AGGRESSIVE;
				CLANG_WARN_UNREACHABLE_CODE = YES;
				CLANG_WARN__DUPLICATE_METHOD_MATCH = YES;
				COPY_PHASE_STRIP = NO;
				DEBUG_INFORMATION_FORMAT = "dwarf-with-dsym";
				ENABLE_NS_ASSERTIONS = NO;
				ENABLE_STRICT_OBJC_MSGSEND = YES;
				GCC_C_LANGUAGE_STANDARD = gnu11;
				GCC_NO_COMMON_BLOCKS = YES;
				GCC_WARN_64_TO_32_BIT_CONVERSION = YES;
				GCC_WARN_ABOUT_RETURN_TYPE = YES_ERROR;
				GCC_WARN_UNDECLARED_SELECTOR = YES;
				GCC_WARN_UNINITIALIZED_AUTOS = YES_AGGRESSIVE;
				GCC_WARN_UNUSED_FUNCTION = YES;
				GCC_WARN_UNUSED_VARIABLE = YES;
				IPHONEOS_DEPLOYMENT_TARGET = 13.5;
				MTL_ENABLE_DEBUG_INFO = NO;
				MTL_FAST_MATH = YES;
				SDKROOT = iphoneos;
				SWIFT_COMPILATION_MODE = wholemodule;
				SWIFT_OPTIMIZATION_LEVEL = "-O";
				VALIDATE_PRODUCT = YES;
			};
			name = Release;
		};
		8435072A24AE6F15002E0823 /* Debug */ = {
			isa = XCBuildConfiguration;
			buildSettings = {
				ASSETCATALOG_COMPILER_APPICON_NAME = AppIcon;
				CODE_SIGN_ENTITLEMENTS = EventApp/EventApp.entitlements;
				CODE_SIGN_STYLE = Automatic;
				DEVELOPMENT_TEAM = 9P64Z2CSAL;
				INFOPLIST_FILE = EventApp/Info.plist;
				LD_RUNPATH_SEARCH_PATHS = (
					"$(inherited)",
					"@executable_path/Frameworks",
				);
				PRODUCT_BUNDLE_IDENTIFIER = ItWorksinUA.EventApp;
				PRODUCT_NAME = "$(TARGET_NAME)";
				SWIFT_VERSION = 5.0;
				TARGETED_DEVICE_FAMILY = "1,2";
			};
			name = Debug;
		};
		8435072B24AE6F15002E0823 /* Release */ = {
			isa = XCBuildConfiguration;
			buildSettings = {
				ASSETCATALOG_COMPILER_APPICON_NAME = AppIcon;
				CODE_SIGN_ENTITLEMENTS = EventApp/EventApp.entitlements;
				CODE_SIGN_STYLE = Automatic;
				DEVELOPMENT_TEAM = 9P64Z2CSAL;
				INFOPLIST_FILE = EventApp/Info.plist;
				LD_RUNPATH_SEARCH_PATHS = (
					"$(inherited)",
					"@executable_path/Frameworks",
				);
				PRODUCT_BUNDLE_IDENTIFIER = ItWorksinUA.EventApp;
				PRODUCT_NAME = "$(TARGET_NAME)";
				SWIFT_VERSION = 5.0;
				TARGETED_DEVICE_FAMILY = "1,2";
			};
			name = Release;
		};
/* End XCBuildConfiguration section */

/* Begin XCConfigurationList section */
		8435071024AE6F12002E0823 /* Build configuration list for PBXProject "EventApp" */ = {
			isa = XCConfigurationList;
			buildConfigurations = (
				8435072724AE6F15002E0823 /* Debug */,
				8435072824AE6F15002E0823 /* Release */,
			);
			defaultConfigurationIsVisible = 0;
			defaultConfigurationName = Release;
		};
		8435072924AE6F15002E0823 /* Build configuration list for PBXNativeTarget "EventApp" */ = {
			isa = XCConfigurationList;
			buildConfigurations = (
				8435072A24AE6F15002E0823 /* Debug */,
				8435072B24AE6F15002E0823 /* Release */,
			);
			defaultConfigurationIsVisible = 0;
			defaultConfigurationName = Release;
		};
/* End XCConfigurationList section */
	};
	rootObject = 8435070D24AE6F12002E0823 /* Project object */;
}
